
Microsoft Visual Studio Solution File, Format Version 12.00
# Visual Studio Version 16
VisualStudioVersion = 16.0.31515.178
MinimumVisualStudioVersion = 10.0.40219.1
Project("{FAE04EC0-301F-11D3-BF4B-00C04F79EFBC}") = "InputAssignment", "InputAssignment.csproj", "{47C16018-A32E-4E81-964F-7ECB6CA60999}"
EndProject
Global
	GlobalSection(SolutionConfigurationPlatforms) = preSolution
		Debug|Any CPU = Debug|Any CPU
		Release|Any CPU = Release|Any CPU
	EndGlobalSection
	GlobalSection(ProjectConfigurationPlatforms) = postSolution
		{47C16018-A32E-4E81-964F-7ECB6CA60999}.Debug|Any CPU.ActiveCfg = Debug|Any CPU
		{47C16018-A32E-4E81-964F-7ECB6CA60999}.Debug|Any CPU.Build.0 = Debug|Any CPU
		{47C16018-A32E-4E81-964F-7ECB6CA60999}.Release|Any CPU.ActiveCfg = Release|Any CPU
		{47C16018-A32E-4E81-964F-7ECB6CA60999}.Release|Any CPU.Build.0 = Release|Any CPU
	EndGlobalSection
	GlobalSection(SolutionProperties) = preSolution
		HideSolutionNode = FALSE
	EndGlobalSection
	GlobalSection(ExtensibilityGlobals) = postSolution
		SolutionGuid = {B0A03401-7D5B-4941-9330-1E979FA850BA}
	EndGlobalSection
EndGlobal
