
Microsoft Visual Studio Solution File, Format Version 12.00
# Visual Studio Version 16
VisualStudioVersion = 16.0.31702.278
MinimumVisualStudioVersion = 10.0.40219.1
Project("{FAE04EC0-301F-11D3-BF4B-00C04F79EFBC}") = "WebApplication4", "WebApplication4.csproj", "{DE1C4AE2-F783-483E-B415-48974B61EDA9}"
EndProject
Global
	GlobalSection(SolutionConfigurationPlatforms) = preSolution
		Debug|Any CPU = Debug|Any CPU
		Release|Any CPU = Release|Any CPU
	EndGlobalSection
	GlobalSection(ProjectConfigurationPlatforms) = postSolution
		{DE1C4AE2-F783-483E-B415-48974B61EDA9}.Debug|Any CPU.ActiveCfg = Debug|Any CPU
		{DE1C4AE2-F783-483E-B415-48974B61EDA9}.Debug|Any CPU.Build.0 = Debug|Any CPU
		{DE1C4AE2-F783-483E-B415-48974B61EDA9}.Release|Any CPU.ActiveCfg = Release|Any CPU
		{DE1C4AE2-F783-483E-B415-48974B61EDA9}.Release|Any CPU.Build.0 = Release|Any CPU
	EndGlobalSection
	GlobalSection(SolutionProperties) = preSolution
		HideSolutionNode = FALSE
	EndGlobalSection
	GlobalSection(ExtensibilityGlobals) = postSolution
		SolutionGuid = {CBE8FFDE-4E26-4C2D-B1BB-E6B6DBD1B2C1}
	EndGlobalSection
EndGlobal
