
Microsoft Visual Studio Solution File, Format Version 12.00
# Visual Studio Version 16
VisualStudioVersion = 16.0.31515.178
MinimumVisualStudioVersion = 10.0.40219.1
Project("{FAE04EC0-301F-11D3-BF4B-00C04F79EFBC}") = "HelloWorld", "HelloWorld\HelloWorld.csproj", "{40DB59B0-D2EA-498C-B8D5-F60AFC7B8E66}"
EndProject
Global
	GlobalSection(SolutionConfigurationPlatforms) = preSolution
		Debug|Any CPU = Debug|Any CPU
		Release|Any CPU = Release|Any CPU
	EndGlobalSection
	GlobalSection(ProjectConfigurationPlatforms) = postSolution
		{40DB59B0-D2EA-498C-B8D5-F60AFC7B8E66}.Debug|Any CPU.ActiveCfg = Debug|Any CPU
		{40DB59B0-D2EA-498C-B8D5-F60AFC7B8E66}.Debug|Any CPU.Build.0 = Debug|Any CPU
		{40DB59B0-D2EA-498C-B8D5-F60AFC7B8E66}.Release|Any CPU.ActiveCfg = Release|Any CPU
		{40DB59B0-D2EA-498C-B8D5-F60AFC7B8E66}.Release|Any CPU.Build.0 = Release|Any CPU
	EndGlobalSection
	GlobalSection(SolutionProperties) = preSolution
		HideSolutionNode = FALSE
	EndGlobalSection
	GlobalSection(ExtensibilityGlobals) = postSolution
		SolutionGuid = {80561911-5E7C-4285-B5C8-FF49B5902150}
	EndGlobalSection
EndGlobal
