
Microsoft Visual Studio Solution File, Format Version 12.00
# Visual Studio Version 16
VisualStudioVersion = 16.0.31624.102
MinimumVisualStudioVersion = 10.0.40219.1
Project("{FAE04EC0-301F-11D3-BF4B-00C04F79EFBC}") = "CarInsurance", "CarInsurance.csproj", "{A110DAA9-9B08-4F6B-9124-F8D888023FEA}"
EndProject
Global
	GlobalSection(SolutionConfigurationPlatforms) = preSolution
		Debug|Any CPU = Debug|Any CPU
		Release|Any CPU = Release|Any CPU
	EndGlobalSection
	GlobalSection(ProjectConfigurationPlatforms) = postSolution
		{A110DAA9-9B08-4F6B-9124-F8D888023FEA}.Debug|Any CPU.ActiveCfg = Debug|Any CPU
		{A110DAA9-9B08-4F6B-9124-F8D888023FEA}.Debug|Any CPU.Build.0 = Debug|Any CPU
		{A110DAA9-9B08-4F6B-9124-F8D888023FEA}.Release|Any CPU.ActiveCfg = Release|Any CPU
		{A110DAA9-9B08-4F6B-9124-F8D888023FEA}.Release|Any CPU.Build.0 = Release|Any CPU
	EndGlobalSection
	GlobalSection(SolutionProperties) = preSolution
		HideSolutionNode = FALSE
	EndGlobalSection
	GlobalSection(ExtensibilityGlobals) = postSolution
		SolutionGuid = {D07DF2CC-FD84-4793-9623-9A4FAB7755CC}
	EndGlobalSection
EndGlobal
