
Microsoft Visual Studio Solution File, Format Version 12.00
# Visual Studio Version 16
VisualStudioVersion = 16.0.31515.178
MinimumVisualStudioVersion = 10.0.40219.1
Project("{FAE04EC0-301F-11D3-BF4B-00C04F79EFBC}") = "TwentyOne", "TwentyOne.csproj", "{871A10D7-4A1B-4F30-989F-F00BC8727B2A}"
EndProject
Global
	GlobalSection(SolutionConfigurationPlatforms) = preSolution
		Debug|Any CPU = Debug|Any CPU
		Release|Any CPU = Release|Any CPU
	EndGlobalSection
	GlobalSection(ProjectConfigurationPlatforms) = postSolution
		{871A10D7-4A1B-4F30-989F-F00BC8727B2A}.Debug|Any CPU.ActiveCfg = Debug|Any CPU
		{871A10D7-4A1B-4F30-989F-F00BC8727B2A}.Debug|Any CPU.Build.0 = Debug|Any CPU
		{871A10D7-4A1B-4F30-989F-F00BC8727B2A}.Release|Any CPU.ActiveCfg = Release|Any CPU
		{871A10D7-4A1B-4F30-989F-F00BC8727B2A}.Release|Any CPU.Build.0 = Release|Any CPU
	EndGlobalSection
	GlobalSection(SolutionProperties) = preSolution
		HideSolutionNode = FALSE
	EndGlobalSection
	GlobalSection(ExtensibilityGlobals) = postSolution
		SolutionGuid = {67576078-F0E5-4A7B-8C1B-1FE0F3AD433E}
	EndGlobalSection
EndGlobal
