
Microsoft Visual Studio Solution File, Format Version 12.00
# Visual Studio Version 16
VisualStudioVersion = 16.0.31624.102
MinimumVisualStudioVersion = 10.0.40219.1
Project("{FAE04EC0-301F-11D3-BF4B-00C04F79EFBC}") = "Scores", "Scores.csproj", "{208EE9E0-D357-4FEA-9BEC-9BA9CFEB0094}"
EndProject
Global
	GlobalSection(SolutionConfigurationPlatforms) = preSolution
		Debug|Any CPU = Debug|Any CPU
		Release|Any CPU = Release|Any CPU
	EndGlobalSection
	GlobalSection(ProjectConfigurationPlatforms) = postSolution
		{208EE9E0-D357-4FEA-9BEC-9BA9CFEB0094}.Debug|Any CPU.ActiveCfg = Debug|Any CPU
		{208EE9E0-D357-4FEA-9BEC-9BA9CFEB0094}.Debug|Any CPU.Build.0 = Debug|Any CPU
		{208EE9E0-D357-4FEA-9BEC-9BA9CFEB0094}.Release|Any CPU.ActiveCfg = Release|Any CPU
		{208EE9E0-D357-4FEA-9BEC-9BA9CFEB0094}.Release|Any CPU.Build.0 = Release|Any CPU
	EndGlobalSection
	GlobalSection(SolutionProperties) = preSolution
		HideSolutionNode = FALSE
	EndGlobalSection
	GlobalSection(ExtensibilityGlobals) = postSolution
		SolutionGuid = {EE79F287-5DE9-44F6-AD38-0FE01DF025F7}
	EndGlobalSection
EndGlobal
