
Microsoft Visual Studio Solution File, Format Version 12.00
# Visual Studio Version 16
VisualStudioVersion = 16.0.31515.178
MinimumVisualStudioVersion = 10.0.40219.1
Project("{FAE04EC0-301F-11D3-BF4B-00C04F79EFBC}") = "MethodClass", "MethodClass.csproj", "{EFAF35AC-7747-4E57-BE89-A70385D28210}"
EndProject
Global
	GlobalSection(SolutionConfigurationPlatforms) = preSolution
		Debug|Any CPU = Debug|Any CPU
		Release|Any CPU = Release|Any CPU
	EndGlobalSection
	GlobalSection(ProjectConfigurationPlatforms) = postSolution
		{EFAF35AC-7747-4E57-BE89-A70385D28210}.Debug|Any CPU.ActiveCfg = Debug|Any CPU
		{EFAF35AC-7747-4E57-BE89-A70385D28210}.Debug|Any CPU.Build.0 = Debug|Any CPU
		{EFAF35AC-7747-4E57-BE89-A70385D28210}.Release|Any CPU.ActiveCfg = Release|Any CPU
		{EFAF35AC-7747-4E57-BE89-A70385D28210}.Release|Any CPU.Build.0 = Release|Any CPU
	EndGlobalSection
	GlobalSection(SolutionProperties) = preSolution
		HideSolutionNode = FALSE
	EndGlobalSection
	GlobalSection(ExtensibilityGlobals) = postSolution
		SolutionGuid = {975C269E-38D3-4808-875B-BB8ACE05ED64}
	EndGlobalSection
EndGlobal
