
Microsoft Visual Studio Solution File, Format Version 12.00
# Visual Studio Version 16
VisualStudioVersion = 16.0.31515.178
MinimumVisualStudioVersion = 10.0.40219.1
Project("{FAE04EC0-301F-11D3-BF4B-00C04F79EFBC}") = "Polymorphism", "Polymorphism.csproj", "{16CD7AE8-40D2-4FCD-90C1-8F26FC38BF1B}"
EndProject
Global
	GlobalSection(SolutionConfigurationPlatforms) = preSolution
		Debug|Any CPU = Debug|Any CPU
		Release|Any CPU = Release|Any CPU
	EndGlobalSection
	GlobalSection(ProjectConfigurationPlatforms) = postSolution
		{16CD7AE8-40D2-4FCD-90C1-8F26FC38BF1B}.Debug|Any CPU.ActiveCfg = Debug|Any CPU
		{16CD7AE8-40D2-4FCD-90C1-8F26FC38BF1B}.Debug|Any CPU.Build.0 = Debug|Any CPU
		{16CD7AE8-40D2-4FCD-90C1-8F26FC38BF1B}.Release|Any CPU.ActiveCfg = Release|Any CPU
		{16CD7AE8-40D2-4FCD-90C1-8F26FC38BF1B}.Release|Any CPU.Build.0 = Release|Any CPU
	EndGlobalSection
	GlobalSection(SolutionProperties) = preSolution
		HideSolutionNode = FALSE
	EndGlobalSection
	GlobalSection(ExtensibilityGlobals) = postSolution
		SolutionGuid = {7DB9F072-FF9F-4D59-8777-1195C416FF5B}
	EndGlobalSection
EndGlobal
