
Microsoft Visual Studio Solution File, Format Version 12.00
# Visual Studio Version 16
VisualStudioVersion = 16.0.31515.178
MinimumVisualStudioVersion = 10.0.40219.1
Project("{FAE04EC0-301F-11D3-BF4B-00C04F79EFBC}") = "BooleanLogic", "BooleanLogic.csproj", "{FA577E71-853C-4046-9009-8137725E3E7B}"
EndProject
Global
	GlobalSection(SolutionConfigurationPlatforms) = preSolution
		Debug|Any CPU = Debug|Any CPU
		Release|Any CPU = Release|Any CPU
	EndGlobalSection
	GlobalSection(ProjectConfigurationPlatforms) = postSolution
		{FA577E71-853C-4046-9009-8137725E3E7B}.Debug|Any CPU.ActiveCfg = Debug|Any CPU
		{FA577E71-853C-4046-9009-8137725E3E7B}.Debug|Any CPU.Build.0 = Debug|Any CPU
		{FA577E71-853C-4046-9009-8137725E3E7B}.Release|Any CPU.ActiveCfg = Release|Any CPU
		{FA577E71-853C-4046-9009-8137725E3E7B}.Release|Any CPU.Build.0 = Release|Any CPU
	EndGlobalSection
	GlobalSection(SolutionProperties) = preSolution
		HideSolutionNode = FALSE
	EndGlobalSection
	GlobalSection(ExtensibilityGlobals) = postSolution
		SolutionGuid = {C5B12622-D563-4053-B260-A34D265E1DE9}
	EndGlobalSection
EndGlobal
