
Microsoft Visual Studio Solution File, Format Version 12.00
# Visual Studio Version 16
VisualStudioVersion = 16.0.31515.178
MinimumVisualStudioVersion = 10.0.40219.1
Project("{FAE04EC0-301F-11D3-BF4B-00C04F79EFBC}") = "TwentyOne.v.2", "TwentyOne.v.2.csproj", "{06365175-41EC-4B55-9F7B-D58F5F8E610D}"
EndProject
Project("{FAE04EC0-301F-11D3-BF4B-00C04F79EFBC}") = "Casino", "Casino\Casino.csproj", "{4337744F-C66C-42F9-AF04-EB83349CF9F2}"
EndProject
Global
	GlobalSection(SolutionConfigurationPlatforms) = preSolution
		Debug|Any CPU = Debug|Any CPU
		Release|Any CPU = Release|Any CPU
	EndGlobalSection
	GlobalSection(ProjectConfigurationPlatforms) = postSolution
		{06365175-41EC-4B55-9F7B-D58F5F8E610D}.Debug|Any CPU.ActiveCfg = Debug|Any CPU
		{06365175-41EC-4B55-9F7B-D58F5F8E610D}.Debug|Any CPU.Build.0 = Debug|Any CPU
		{06365175-41EC-4B55-9F7B-D58F5F8E610D}.Release|Any CPU.ActiveCfg = Release|Any CPU
		{06365175-41EC-4B55-9F7B-D58F5F8E610D}.Release|Any CPU.Build.0 = Release|Any CPU
		{4337744F-C66C-42F9-AF04-EB83349CF9F2}.Debug|Any CPU.ActiveCfg = Debug|Any CPU
		{4337744F-C66C-42F9-AF04-EB83349CF9F2}.Debug|Any CPU.Build.0 = Debug|Any CPU
		{4337744F-C66C-42F9-AF04-EB83349CF9F2}.Release|Any CPU.ActiveCfg = Release|Any CPU
		{4337744F-C66C-42F9-AF04-EB83349CF9F2}.Release|Any CPU.Build.0 = Release|Any CPU
	EndGlobalSection
	GlobalSection(SolutionProperties) = preSolution
		HideSolutionNode = FALSE
	EndGlobalSection
	GlobalSection(ExtensibilityGlobals) = postSolution
		SolutionGuid = {86517E41-1FC9-470D-AD51-B60A5C5BD2BD}
	EndGlobalSection
EndGlobal
